
Microsoft Visual Studio Solution File, Format Version 12.00
# Visual Studio Version 17
VisualStudioVersion = 17.5.002.0
MinimumVisualStudioVersion = 10.0.40219.1
Project("{9A19103F-16F7-4668-BE54-9A1E7A4F7556}") = "dotnetcore-website", "dotnetcore-website.csproj", "{2E42BE38-9FB8-4472-BAAB-44D2778FA4FF}"
EndProject
Global
	GlobalSection(SolutionConfigurationPlatforms) = preSolution
		Debug|Any CPU = Debug|Any CPU
		Release|Any CPU = Release|Any CPU
	EndGlobalSection
	GlobalSection(ProjectConfigurationPlatforms) = postSolution
		{2E42BE38-9FB8-4472-BAAB-44D2778FA4FF}.Debug|Any CPU.ActiveCfg = Debug|Any CPU
		{2E42BE38-9FB8-4472-BAAB-44D2778FA4FF}.Debug|Any CPU.Build.0 = Debug|Any CPU
		{2E42BE38-9FB8-4472-BAAB-44D2778FA4FF}.Release|Any CPU.ActiveCfg = Release|Any CPU
		{2E42BE38-9FB8-4472-BAAB-44D2778FA4FF}.Release|Any CPU.Build.0 = Release|Any CPU
	EndGlobalSection
	GlobalSection(SolutionProperties) = preSolution
		HideSolutionNode = FALSE
	EndGlobalSection
	GlobalSection(ExtensibilityGlobals) = postSolution
		SolutionGuid = {3517A79F-67A1-45D0-B9AA-68172FC64BB4}
	EndGlobalSection
EndGlobal
